
Microsoft Visual Studio Solution File, Format Version 12.00
# Visual Studio Version 17
VisualStudioVersion = 17.6.33829.357
MinimumVisualStudioVersion = 10.0.40219.1
Project("{FAE04EC0-301F-11D3-BF4B-00C04F79EFBC}") = "ProjectPartB", "ProjectPartB\ProjectPartB.csproj", "{698A4760-CD3A-480B-93B3-E6169FAA4634}"
EndProject
Global
	GlobalSection(SolutionConfigurationPlatforms) = preSolution
		Debug|Any CPU = Debug|Any CPU
		Release|Any CPU = Release|Any CPU
	EndGlobalSection
	GlobalSection(ProjectConfigurationPlatforms) = postSolution
		{698A4760-CD3A-480B-93B3-E6169FAA4634}.Debug|Any CPU.ActiveCfg = Debug|Any CPU
		{698A4760-CD3A-480B-93B3-E6169FAA4634}.Debug|Any CPU.Build.0 = Debug|Any CPU
		{698A4760-CD3A-480B-93B3-E6169FAA4634}.Release|Any CPU.ActiveCfg = Release|Any CPU
		{698A4760-CD3A-480B-93B3-E6169FAA4634}.Release|Any CPU.Build.0 = Release|Any CPU
	EndGlobalSection
	GlobalSection(SolutionProperties) = preSolution
		HideSolutionNode = FALSE
	EndGlobalSection
	GlobalSection(ExtensibilityGlobals) = postSolution
		SolutionGuid = {7DC0CD56-0DF8-43E8-9C12-B0236B0AC7D4}
	EndGlobalSection
EndGlobal
